// !$*UTF8*$!
{
	archiveVersion = 1;
	classes = {
	};
	objectVersion = 77;
	objects = {

/* Begin PBXContainerItemProxy section */
		AE49FFA72E0533440053853F /* PBXContainerItemProxy */ = {
			isa = PBXContainerItemProxy;
			containerPortal = AE49FF882E0533410053853F /* Project object */;
			proxyType = 1;
			remoteGlobalIDString = AE49FF8F2E0533410053853F;
			remoteInfo = FastVLMDemo;
		};
		AE49FFB12E0533440053853F /* PBXContainerItemProxy */ = {
			isa = PBXContainerItemProxy;
			containerPortal = AE49FF882E0533410053853F /* Project object */;
			proxyType = 1;
			remoteGlobalIDString = AE49FF8F2E0533410053853F;
			remoteInfo = FastVLMDemo;
		};
/* End PBXContainerItemProxy section */

/* Begin PBXFileReference section */
		AE49FF902E0533410053853F /* FastVLMDemo.app */ = {isa = PBXFileReference; explicitFileType = wrapper.application; includeInIndex = 0; path = FastVLMDemo.app; sourceTree = BUILT_PRODUCTS_DIR; };
		AE49FFA62E0533440053853F /* FastVLMDemoTests.xctest */ = {isa = PBXFileReference; explicitFileType = wrapper.cfbundle; includeInIndex = 0; path = FastVLMDemoTests.xctest; sourceTree = BUILT_PRODUCTS_DIR; };
		AE49FFB02E0533440053853F /* FastVLMDemoUITests.xctest */ = {isa = PBXFileReference; explicitFileType = wrapper.cfbundle; includeInIndex = 0; path = FastVLMDemoUITests.xctest; sourceTree = BUILT_PRODUCTS_DIR; };
/* End PBXFileReference section */

/* Begin PBXFileSystemSynchronizedBuildFileExceptionSet section */
		AE49FFB82E0533440053853F /* Exceptions for "FastVLMDemo" folder in "FastVLMDemo" target */ = {
			isa = PBXFileSystemSynchronizedBuildFileExceptionSet;
			membershipExceptions = (
				fastvithd.mlpackage,
				Info.plist,
			);
			target = AE49FF8F2E0533410053853F /* FastVLMDemo */;
		};
/* End PBXFileSystemSynchronizedBuildFileExceptionSet section */

/* Begin PBXFileSystemSynchronizedGroupBuildPhaseMembershipExceptionSet section */
		AE49FFCA2E0537510053853F /* Exceptions for "FastVLMDemo" folder in "Copy Bundle Resources" phase from "FastVLMDemo" target */ = {
			isa = PBXFileSystemSynchronizedGroupBuildPhaseMembershipExceptionSet;
			buildPhase = AE49FF8E2E0533410053853F /* Resources */;
			membershipExceptions = (
				fastvithd.mlpackage,
			);
		};
/* End PBXFileSystemSynchronizedGroupBuildPhaseMembershipExceptionSet section */

/* Begin PBXFileSystemSynchronizedRootGroup section */
		AE49FF922E0533410053853F /* FastVLMDemo */ = {
			isa = PBXFileSystemSynchronizedRootGroup;
			exceptions = (
				AE49FFB82E0533440053853F /* Exceptions for "FastVLMDemo" folder in "FastVLMDemo" target */,
				AE49FFCA2E0537510053853F /* Exceptions for "FastVLMDemo" folder in "Copy Bundle Resources" phase from "FastVLMDemo" target */,
			);
			path = FastVLMDemo;
			sourceTree = "<group>";
		};
		AE49FFA92E0533440053853F /* FastVLMDemoTests */ = {
			isa = PBXFileSystemSynchronizedRootGroup;
			path = FastVLMDemoTests;
			sourceTree = "<group>";
		};
		AE49FFB32E0533440053853F /* FastVLMDemoUITests */ = {
			isa = PBXFileSystemSynchronizedRootGroup;
			path = FastVLMDemoUITests;
			sourceTree = "<group>";
		};
/* End PBXFileSystemSynchronizedRootGroup section */

/* Begin PBXFrameworksBuildPhase section */
		AE49FF8D2E0533410053853F /* Frameworks */ = {
			isa = PBXFrameworksBuildPhase;
			buildActionMask = 2147483647;
			files = (
			);
			runOnlyForDeploymentPostprocessing = 0;
		};
		AE49FFA32E0533440053853F /* Frameworks */ = {
			isa = PBXFrameworksBuildPhase;
			buildActionMask = 2147483647;
			files = (
			);
			runOnlyForDeploymentPostprocessing = 0;
		};
		AE49FFAD2E0533440053853F /* Frameworks */ = {
			isa = PBXFrameworksBuildPhase;
			buildActionMask = 2147483647;
			files = (
			);
			runOnlyForDeploymentPostprocessing = 0;
		};
/* End PBXFrameworksBuildPhase section */

/* Begin PBXGroup section */
		AE49FF872E0533410053853F = {
			isa = PBXGroup;
			children = (
				AE49FF922E0533410053853F /* FastVLMDemo */,
				AE49FFA92E0533440053853F /* FastVLMDemoTests */,
				AE49FFB32E0533440053853F /* FastVLMDemoUITests */,
				AE49FF912E0533410053853F /* Products */,
			);
			sourceTree = "<group>";
		};
		AE49FF912E0533410053853F /* Products */ = {
			isa = PBXGroup;
			children = (
				AE49FF902E0533410053853F /* FastVLMDemo.app */,
				AE49FFA62E0533440053853F /* FastVLMDemoTests.xctest */,
				AE49FFB02E0533440053853F /* FastVLMDemoUITests.xctest */,
			);
			name = Products;
			sourceTree = "<group>";
		};
/* End PBXGroup section */

/* Begin PBXNativeTarget section */
		AE49FF8F2E0533410053853F /* FastVLMDemo */ = {
			isa = PBXNativeTarget;
			buildConfigurationList = AE49FFB92E0533440053853F /* Build configuration list for PBXNativeTarget "FastVLMDemo" */;
			buildPhases = (
				AE49FF8C2E0533410053853F /* Sources */,
				AE49FF8D2E0533410053853F /* Frameworks */,
				AE49FF8E2E0533410053853F /* Resources */,
			);
			buildRules = (
			);
			dependencies = (
			);
			fileSystemSynchronizedGroups = (
				AE49FF922E0533410053853F /* FastVLMDemo */,
			);
			name = FastVLMDemo;
			packageProductDependencies = (
			);
			productName = FastVLMDemo;
			productReference = AE49FF902E0533410053853F /* FastVLMDemo.app */;
			productType = "com.apple.product-type.application";
		};
		AE49FFA52E0533440053853F /* FastVLMDemoTests */ = {
			isa = PBXNativeTarget;
			buildConfigurationList = AE49FFBE2E0533440053853F /* Build configuration list for PBXNativeTarget "FastVLMDemoTests" */;
			buildPhases = (
				AE49FFA22E0533440053853F /* Sources */,
				AE49FFA32E0533440053853F /* Frameworks */,
				AE49FFA42E0533440053853F /* Resources */,
			);
			buildRules = (
			);
			dependencies = (
				AE49FFA82E0533440053853F /* PBXTargetDependency */,
			);
			fileSystemSynchronizedGroups = (
				AE49FFA92E0533440053853F /* FastVLMDemoTests */,
			);
			name = FastVLMDemoTests;
			packageProductDependencies = (
			);
			productName = FastVLMDemoTests;
			productReference = AE49FFA62E0533440053853F /* FastVLMDemoTests.xctest */;
			productType = "com.apple.product-type.bundle.unit-test";
		};
		AE49FFAF2E0533440053853F /* FastVLMDemoUITests */ = {
			isa = PBXNativeTarget;
			buildConfigurationList = AE49FFC12E0533440053853F /* Build configuration list for PBXNativeTarget "FastVLMDemoUITests" */;
			buildPhases = (
				AE49FFAC2E0533440053853F /* Sources */,
				AE49FFAD2E0533440053853F /* Frameworks */,
				AE49FFAE2E0533440053853F /* Resources */,
			);
			buildRules = (
			);
			dependencies = (
				AE49FFB22E0533440053853F /* PBXTargetDependency */,
			);
			fileSystemSynchronizedGroups = (
				AE49FFB32E0533440053853F /* FastVLMDemoUITests */,
			);
			name = FastVLMDemoUITests;
			packageProductDependencies = (
			);
			productName = FastVLMDemoUITests;
			productReference = AE49FFB02E0533440053853F /* FastVLMDemoUITests.xctest */;
			productType = "com.apple.product-type.bundle.ui-testing";
		};
/* End PBXNativeTarget section */

/* Begin PBXProject section */
		AE49FF882E0533410053853F /* Project object */ = {
			isa = PBXProject;
			attributes = {
				BuildIndependentTargetsInParallel = 1;
				LastSwiftUpdateCheck = 1640;
				LastUpgradeCheck = 1640;
				TargetAttributes = {
					AE49FF8F2E0533410053853F = {
						CreatedOnToolsVersion = 16.4;
					};
					AE49FFA52E0533440053853F = {
						CreatedOnToolsVersion = 16.4;
						TestTargetID = AE49FF8F2E0533410053853F;
					};
					AE49FFAF2E0533440053853F = {
						CreatedOnToolsVersion = 16.4;
						TestTargetID = AE49FF8F2E0533410053853F;
					};
				};
			};
			buildConfigurationList = AE49FF8B2E0533410053853F /* Build configuration list for PBXProject "FastVLMDemo" */;
			developmentRegion = en;
			hasScannedForEncodings = 0;
			knownRegions = (
				en,
				Base,
			);
			mainGroup = AE49FF872E0533410053853F;
			minimizedProjectReferenceProxies = 1;
			preferredProjectObjectVersion = 77;
			productRefGroup = AE49FF912E0533410053853F /* Products */;
			projectDirPath = "";
			projectRoot = "";
			targets = (
				AE49FF8F2E0533410053853F /* FastVLMDemo */,
				AE49FFA52E0533440053853F /* FastVLMDemoTests */,
				AE49FFAF2E0533440053853F /* FastVLMDemoUITests */,
			);
		};
/* End PBXProject section */

/* Begin PBXResourcesBuildPhase section */
		AE49FF8E2E0533410053853F /* Resources */ = {
			isa = PBXResourcesBuildPhase;
			buildActionMask = 2147483647;
			files = (
			);
			runOnlyForDeploymentPostprocessing = 0;
		};
		AE49FFA42E0533440053853F /* Resources */ = {
			isa = PBXResourcesBuildPhase;
			buildActionMask = 2147483647;
			files = (
			);
			runOnlyForDeploymentPostprocessing = 0;
		};
		AE49FFAE2E0533440053853F /* Resources */ = {
			isa = PBXResourcesBuildPhase;
			buildActionMask = 2147483647;
			files = (
			);
			runOnlyForDeploymentPostprocessing = 0;
		};
/* End PBXResourcesBuildPhase section */

/* Begin PBXSourcesBuildPhase section */
		AE49FF8C2E0533410053853F /* Sources */ = {
			isa = PBXSourcesBuildPhase;
			buildActionMask = 2147483647;
			files = (
			);
			runOnlyForDeploymentPostprocessing = 0;
		};
		AE49FFA22E0533440053853F /* Sources */ = {
			isa = PBXSourcesBuildPhase;
			buildActionMask = 2147483647;
			files = (
			);
			runOnlyForDeploymentPostprocessing = 0;
		};
		AE49FFAC2E0533440053853F /* Sources */ = {
			isa = PBXSourcesBuildPhase;
			buildActionMask = 2147483647;
			files = (
			);
			runOnlyForDeploymentPostprocessing = 0;
		};
/* End PBXSourcesBuildPhase section */

/* Begin PBXTargetDependency section */
		AE49FFA82E0533440053853F /* PBXTargetDependency */ = {
			isa = PBXTargetDependency;
			target = AE49FF8F2E0533410053853F /* FastVLMDemo */;
			targetProxy = AE49FFA72E0533440053853F /* PBXContainerItemProxy */;
		};
		AE49FFB22E0533440053853F /* PBXTargetDependency */ = {
			isa = PBXTargetDependency;
			target = AE49FF8F2E0533410053853F /* FastVLMDemo */;
			targetProxy = AE49FFB12E0533440053853F /* PBXContainerItemProxy */;
		};
/* End PBXTargetDependency section */

/* Begin XCBuildConfiguration section */
		AE49FFBA2E0533440053853F /* Debug */ = {
			isa = XCBuildConfiguration;
			buildSettings = {
				ASSETCATALOG_COMPILER_APPICON_NAME = AppIcon;
				ASSETCATALOG_COMPILER_GLOBAL_ACCENT_COLOR_NAME = AccentColor;
				CODE_SIGN_STYLE = Automatic;
				CURRENT_PROJECT_VERSION = 1;
				DEVELOPMENT_TEAM = C4S8LB5472;
				GENERATE_INFOPLIST_FILE = YES;
				INFOPLIST_FILE = FastVLMDemo/Info.plist;
				INFOPLIST_KEY_UIApplicationSupportsIndirectInputEvents = YES;
				INFOPLIST_KEY_UILaunchStoryboardName = LaunchScreen;
				INFOPLIST_KEY_UIMainStoryboardFile = Main;
				INFOPLIST_KEY_UISupportedInterfaceOrientations_iPad = "UIInterfaceOrientationPortrait UIInterfaceOrientationPortraitUpsideDown UIInterfaceOrientationLandscapeLeft UIInterfaceOrientationLandscapeRight";
				INFOPLIST_KEY_UISupportedInterfaceOrientations_iPhone = "UIInterfaceOrientationPortrait UIInterfaceOrientationLandscapeLeft UIInterfaceOrientationLandscapeRight";
				LD_RUNPATH_SEARCH_PATHS = (
					"$(inherited)",
					"@executable_path/Frameworks",
				);
				MARKETING_VERSION = 1.0;
				PRODUCT_BUNDLE_IDENTIFIER = com.sudarshankrishnan.FastVLMDemo;
				PRODUCT_NAME = "$(TARGET_NAME)";
				SWIFT_EMIT_LOC_STRINGS = YES;
				SWIFT_VERSION = 5.0;
				TARGETED_DEVICE_FAMILY = "1,2";
			};
			name = Debug;
		};
		AE49FFBB2E0533440053853F /* Release */ = {
			isa = XCBuildConfiguration;
			buildSettings = {
				ASSETCATALOG_COMPILER_APPICON_NAME = AppIcon;
				ASSETCATALOG_COMPILER_GLOBAL_ACCENT_COLOR_NAME = AccentColor;
				CODE_SIGN_STYLE = Automatic;
				CURRENT_PROJECT_VERSION = 1;
				DEVELOPMENT_TEAM = C4S8LB5472;
				GENERATE_INFOPLIST_FILE = YES;
				INFOPLIST_FILE = FastVLMDemo/Info.plist;
				INFOPLIST_KEY_UIApplicationSupportsIndirectInputEvents = YES;
				INFOPLIST_KEY_UILaunchStoryboardName = LaunchScreen;
				INFOPLIST_KEY_UIMainStoryboardFile = Main;
				INFOPLIST_KEY_UISupportedInterfaceOrientations_iPad = "UIInterfaceOrientationPortrait UIInterfaceOrientationPortraitUpsideDown UIInterfaceOrientationLandscapeLeft UIInterfaceOrientationLandscapeRight";
				INFOPLIST_KEY_UISupportedInterfaceOrientations_iPhone = "UIInterfaceOrientationPortrait UIInterfaceOrientationLandscapeLeft UIInterfaceOrientationLandscapeRight";
				LD_RUNPATH_SEARCH_PATHS = (
					"$(inherited)",
					"@executable_path/Frameworks",
				);
				MARKETING_VERSION = 1.0;
				PRODUCT_BUNDLE_IDENTIFIER = com.sudarshankrishnan.FastVLMDemo;
				PRODUCT_NAME = "$(TARGET_NAME)";
				SWIFT_EMIT_LOC_STRINGS = YES;
				SWIFT_VERSION = 5.0;
				TARGETED_DEVICE_FAMILY = "1,2";
			};
			name = Release;
		};
		AE49FFBC2E0533440053853F /* Debug */ = {
			isa = XCBuildConfiguration;
			buildSettings = {
				ALWAYS_SEARCH_USER_PATHS = NO;
				ASSETCATALOG_COMPILER_GENERATE_SWIFT_ASSET_SYMBOL_EXTENSIONS = YES;
				CLANG_ANALYZER_NONNULL = YES;
				CLANG_ANALYZER_NUMBER_OBJECT_CONVERSION = YES_AGGRESSIVE;
				CLANG_CXX_LANGUAGE_STANDARD = "gnu++20";
				CLANG_ENABLE_MODULES = YES;
				CLANG_ENABLE_OBJC_ARC = YES;
				CLANG_ENABLE_OBJC_WEAK = YES;
				CLANG_WARN_BLOCK_CAPTURE_AUTORELEASING = YES;
				CLANG_WARN_BOOL_CONVERSION = YES;
				CLANG_WARN_COMMA = YES;
				CLANG_WARN_CONSTANT_CONVERSION = YES;
				CLANG_WARN_DEPRECATED_OBJC_IMPLEMENTATIONS = YES;
				CLANG_WARN_DIRECT_OBJC_ISA_USAGE = YES_ERROR;
				CLANG_WARN_DOCUMENTATION_COMMENTS = YES;
				CLANG_WARN_EMPTY_BODY = YES;
				CLANG_WARN_ENUM_CONVERSION = YES;
				CLANG_WARN_INFINITE_RECURSION = YES;
				CLANG_WARN_INT_CONVERSION = YES;
				CLANG_WARN_NON_LITERAL_NULL_CONVERSION = YES;
				CLANG_WARN_OBJC_IMPLICIT_RETAIN_SELF = YES;
				CLANG_WARN_OBJC_LITERAL_CONVERSION = YES;
				CLANG_WARN_OBJC_ROOT_CLASS = YES_ERROR;
				CLANG_WARN_QUOTED_INCLUDE_IN_FRAMEWORK_HEADER = YES;
				CLANG_WARN_RANGE_LOOP_ANALYSIS = YES;
				CLANG_WARN_STRICT_PROTOTYPES = YES;
				CLANG_WARN_SUSPICIOUS_MOVE = YES;
				CLANG_WARN_UNGUARDED_AVAILABILITY = YES_AGGRESSIVE;
				CLANG_WARN_UNREACHABLE_CODE = YES;
				CLANG_WARN__DUPLICATE_METHOD_MATCH = YES;
				COPY_PHASE_STRIP = NO;
				DEBUG_INFORMATION_FORMAT = dwarf;
				DEVELOPMENT_TEAM = C4S8LB5472;
				ENABLE_STRICT_OBJC_MSGSEND = YES;
				ENABLE_TESTABILITY = YES;
				ENABLE_USER_SCRIPT_SANDBOXING = YES;
				GCC_C_LANGUAGE_STANDARD = gnu17;
				GCC_DYNAMIC_NO_PIC = NO;
				GCC_NO_COMMON_BLOCKS = YES;
				GCC_OPTIMIZATION_LEVEL = 0;
				GCC_PREPROCESSOR_DEFINITIONS = (
					"DEBUG=1",
					"$(inherited)",
				);
				GCC_WARN_64_TO_32_BIT_CONVERSION = YES;
				GCC_WARN_ABOUT_RETURN_TYPE = YES_ERROR;
				GCC_WARN_UNDECLARED_SELECTOR = YES;
				GCC_WARN_UNINITIALIZED_AUTOS = YES_AGGRESSIVE;
				GCC_WARN_UNUSED_FUNCTION = YES;
				GCC_WARN_UNUSED_VARIABLE = YES;
				IPHONEOS_DEPLOYMENT_TARGET = 18.5;
				LOCALIZATION_PREFERS_STRING_CATALOGS = YES;
				MTL_ENABLE_DEBUG_INFO = INCLUDE_SOURCE;
				MTL_FAST_MATH = YES;
				ONLY_ACTIVE_ARCH = YES;
				SDKROOT = iphoneos;
				SWIFT_ACTIVE_COMPILATION_CONDITIONS = "DEBUG $(inherited)";
				SWIFT_OPTIMIZATION_LEVEL = "-Onone";
			};
			name = Debug;
		};
		AE49FFBD2E0533440053853F /* Release */ = {
			isa = XCBuildConfiguration;
			buildSettings = {
				ALWAYS_SEARCH_USER_PATHS = NO;
				ASSETCATALOG_COMPILER_GENERATE_SWIFT_ASSET_SYMBOL_EXTENSIONS = YES;
				CLANG_ANALYZER_NONNULL = YES;
				CLANG_ANALYZER_NUMBER_OBJECT_CONVERSION = YES_AGGRESSIVE;
				CLANG_CXX_LANGUAGE_STANDARD = "gnu++20";
				CLANG_ENABLE_MODULES = YES;
				CLANG_ENABLE_OBJC_ARC = YES;
				CLANG_ENABLE_OBJC_WEAK = YES;
				CLANG_WARN_BLOCK_CAPTURE_AUTORELEASING = YES;
				CLANG_WARN_BOOL_CONVERSION = YES;
				CLANG_WARN_COMMA = YES;
				CLANG_WARN_CONSTANT_CONVERSION = YES;
				CLANG_WARN_DEPRECATED_OBJC_IMPLEMENTATIONS = YES;
				CLANG_WARN_DIRECT_OBJC_ISA_USAGE = YES_ERROR;
				CLANG_WARN_DOCUMENTATION_COMMENTS = YES;
				CLANG_WARN_EMPTY_BODY = YES;
				CLANG_WARN_ENUM_CONVERSION = YES;
				CLANG_WARN_INFINITE_RECURSION = YES;
				CLANG_WARN_INT_CONVERSION = YES;
				CLANG_WARN_NON_LITERAL_NULL_CONVERSION = YES;
				CLANG_WARN_OBJC_IMPLICIT_RETAIN_SELF = YES;
				CLANG_WARN_OBJC_LITERAL_CONVERSION = YES;
				CLANG_WARN_OBJC_ROOT_CLASS = YES_ERROR;
				CLANG_WARN_QUOTED_INCLUDE_IN_FRAMEWORK_HEADER = YES;
				CLANG_WARN_RANGE_LOOP_ANALYSIS = YES;
				CLANG_WARN_STRICT_PROTOTYPES = YES;
				CLANG_WARN_SUSPICIOUS_MOVE = YES;
				CLANG_WARN_UNGUARDED_AVAILABILITY = YES_AGGRESSIVE;
				CLANG_WARN_UNREACHABLE_CODE = YES;
				CLANG_WARN__DUPLICATE_METHOD_MATCH = YES;
				COPY_PHASE_STRIP = NO;
				DEBUG_INFORMATION_FORMAT = "dwarf-with-dsym";
				DEVELOPMENT_TEAM = C4S8LB5472;
				ENABLE_NS_ASSERTIONS = NO;
				ENABLE_STRICT_OBJC_MSGSEND = YES;
				ENABLE_USER_SCRIPT_SANDBOXING = YES;
				GCC_C_LANGUAGE_STANDARD = gnu17;
				GCC_NO_COMMON_BLOCKS = YES;
				GCC_WARN_64_TO_32_BIT_CONVERSION = YES;
				GCC_WARN_ABOUT_RETURN_TYPE = YES_ERROR;
				GCC_WARN_UNDECLARED_SELECTOR = YES;
				GCC_WARN_UNINITIALIZED_AUTOS = YES_AGGRESSIVE;
				GCC_WARN_UNUSED_FUNCTION = YES;
				GCC_WARN_UNUSED_VARIABLE = YES;
				IPHONEOS_DEPLOYMENT_TARGET = 18.5;
				LOCALIZATION_PREFERS_STRING_CATALOGS = YES;
				MTL_ENABLE_DEBUG_INFO = NO;
				MTL_FAST_MATH = YES;
				SDKROOT = iphoneos;
				SWIFT_COMPILATION_MODE = wholemodule;
				VALIDATE_PRODUCT = YES;
			};
			name = Release;
		};
		AE49FFBF2E0533440053853F /* Debug */ = {
			isa = XCBuildConfiguration;
			buildSettings = {
				BUNDLE_LOADER = "$(TEST_HOST)";
				CODE_SIGN_STYLE = Automatic;
				CURRENT_PROJECT_VERSION = 1;
				DEVELOPMENT_TEAM = C4S8LB5472;
				GENERATE_INFOPLIST_FILE = YES;
				IPHONEOS_DEPLOYMENT_TARGET = 18.5;
				MARKETING_VERSION = 1.0;
				PRODUCT_BUNDLE_IDENTIFIER = com.sudarshankrishnan.FastVLMDemoTests;
				PRODUCT_NAME = "$(TARGET_NAME)";
				SWIFT_EMIT_LOC_STRINGS = NO;
				SWIFT_VERSION = 5.0;
				TARGETED_DEVICE_FAMILY = "1,2";
				TEST_HOST = "$(BUILT_PRODUCTS_DIR)/FastVLMDemo.app/$(BUNDLE_EXECUTABLE_FOLDER_PATH)/FastVLMDemo";
			};
			name = Debug;
		};
		AE49FFC02E0533440053853F /* Release */ = {
			isa = XCBuildConfiguration;
			buildSettings = {
				BUNDLE_LOADER = "$(TEST_HOST)";
				CODE_SIGN_STYLE = Automatic;
				CURRENT_PROJECT_VERSION = 1;
				DEVELOPMENT_TEAM = C4S8LB5472;
				GENERATE_INFOPLIST_FILE = YES;
				IPHONEOS_DEPLOYMENT_TARGET = 18.5;
				MARKETING_VERSION = 1.0;
				PRODUCT_BUNDLE_IDENTIFIER = com.sudarshankrishnan.FastVLMDemoTests;
				PRODUCT_NAME = "$(TARGET_NAME)";
				SWIFT_EMIT_LOC_STRINGS = NO;
				SWIFT_VERSION = 5.0;
				TARGETED_DEVICE_FAMILY = "1,2";
				TEST_HOST = "$(BUILT_PRODUCTS_DIR)/FastVLMDemo.app/$(BUNDLE_EXECUTABLE_FOLDER_PATH)/FastVLMDemo";
			};
			name = Release;
		};
		AE49FFC22E0533440053853F /* Debug */ = {
			isa = XCBuildConfiguration;
			buildSettings = {
				CODE_SIGN_STYLE = Automatic;
				CURRENT_PROJECT_VERSION = 1;
				DEVELOPMENT_TEAM = C4S8LB5472;
				GENERATE_INFOPLIST_FILE = YES;
				MARKETING_VERSION = 1.0;
				PRODUCT_BUNDLE_IDENTIFIER = com.sudarshankrishnan.FastVLMDemoUITests;
				PRODUCT_NAME = "$(TARGET_NAME)";
				SWIFT_EMIT_LOC_STRINGS = NO;
				SWIFT_VERSION = 5.0;
				TARGETED_DEVICE_FAMILY = "1,2";
				TEST_TARGET_NAME = FastVLMDemo;
			};
			name = Debug;
		};
		AE49FFC32E0533440053853F /* Release */ = {
			isa = XCBuildConfiguration;
			buildSettings = {
				CODE_SIGN_STYLE = Automatic;
				CURRENT_PROJECT_VERSION = 1;
				DEVELOPMENT_TEAM = C4S8LB5472;
				GENERATE_INFOPLIST_FILE = YES;
				MARKETING_VERSION = 1.0;
				PRODUCT_BUNDLE_IDENTIFIER = com.sudarshankrishnan.FastVLMDemoUITests;
				PRODUCT_NAME = "$(TARGET_NAME)";
				SWIFT_EMIT_LOC_STRINGS = NO;
				SWIFT_VERSION = 5.0;
				TARGETED_DEVICE_FAMILY = "1,2";
				TEST_TARGET_NAME = FastVLMDemo;
			};
			name = Release;
		};
/* End XCBuildConfiguration section */

/* Begin XCConfigurationList section */
		AE49FF8B2E0533410053853F /* Build configuration list for PBXProject "FastVLMDemo" */ = {
			isa = XCConfigurationList;
			buildConfigurations = (
				AE49FFBC2E0533440053853F /* Debug */,
				AE49FFBD2E0533440053853F /* Release */,
			);
			defaultConfigurationIsVisible = 0;
			defaultConfigurationName = Release;
		};
		AE49FFB92E0533440053853F /* Build configuration list for PBXNativeTarget "FastVLMDemo" */ = {
			isa = XCConfigurationList;
			buildConfigurations = (
				AE49FFBA2E0533440053853F /* Debug */,
				AE49FFBB2E0533440053853F /* Release */,
			);
			defaultConfigurationIsVisible = 0;
			defaultConfigurationName = Release;
		};
		AE49FFBE2E0533440053853F /* Build configuration list for PBXNativeTarget "FastVLMDemoTests" */ = {
			isa = XCConfigurationList;
			buildConfigurations = (
				AE49FFBF2E0533440053853F /* Debug */,
				AE49FFC02E0533440053853F /* Release */,
			);
			defaultConfigurationIsVisible = 0;
			defaultConfigurationName = Release;
		};
		AE49FFC12E0533440053853F /* Build configuration list for PBXNativeTarget "FastVLMDemoUITests" */ = {
			isa = XCConfigurationList;
			buildConfigurations = (
				AE49FFC22E0533440053853F /* Debug */,
				AE49FFC32E0533440053853F /* Release */,
			);
			defaultConfigurationIsVisible = 0;
			defaultConfigurationName = Release;
		};
/* End XCConfigurationList section */
	};
	rootObject = AE49FF882E0533410053853F /* Project object */;
}
